
Microsoft Visual Studio Solution File, Format Version 12.00
# Visual Studio Version 16
VisualStudioVersion = 16.0.30406.217
MinimumVisualStudioVersion = 10.0.40219.1
Project("{9A19103F-16F7-4668-BE54-9A1E7A4F7556}") = "DrawingSever", "DrawingSever\DrawingSever.csproj", "{0E22DE7D-569A-407E-95D9-2381DBEE6A0C}"
EndProject
Project("{9A19103F-16F7-4668-BE54-9A1E7A4F7556}") = "DrawingContracts", "DrawingContracts\DrawingContracts.csproj", "{787A5361-1038-4593-8C02-2235E2D954D5}"
EndProject
Project("{9A19103F-16F7-4668-BE54-9A1E7A4F7556}") = "UserDAL", "UserDAL\UserDAL.csproj", "{66FB4536-4EB1-453D-B02A-A76C7C02FCEA}"
EndProject
Project("{9A19103F-16F7-4668-BE54-9A1E7A4F7556}") = "LoginService", "LoginService\LoginService.csproj", "{B0C9ED4C-9D4C-4102-A343-59D08A7C6C36}"
EndProject
Project("{9A19103F-16F7-4668-BE54-9A1E7A4F7556}") = "RemoveUserService", "RemoveUserService\RemoveUserService.csproj", "{03ABA9D8-18AE-4E68-8E18-5783A65B89A7}"
EndProject
Project("{9A19103F-16F7-4668-BE54-9A1E7A4F7556}") = "LoginServiceTest", "LoginServiceTest\LoginServiceTest.csproj", "{82BF0E35-B843-48AC-9DCC-17ADA1353C22}"
EndProject
Project("{9A19103F-16F7-4668-BE54-9A1E7A4F7556}") = "DocumentDAL", "DocumentDAL\DocumentDAL.csproj", "{52A4E9A3-95BB-4969-9C1E-C9C61543AA72}"
EndProject
Project("{9A19103F-16F7-4668-BE54-9A1E7A4F7556}") = "CreateUserService", "CreateUserService\CreateUserService.csproj", "{3251AFDD-0E1D-476E-98E3-932B32F80AE9}"
EndProject
Project("{9A19103F-16F7-4668-BE54-9A1E7A4F7556}") = "CreateDocumentService", "CreateDocumentService\CreateDocumentService.csproj", "{8E5AD56E-C053-4057-9E5E-D2312A381D94}"
EndProject
Project("{9A19103F-16F7-4668-BE54-9A1E7A4F7556}") = "GetDocumentService", "GetDocumentService\GetDocumentService.csproj", "{864BAB97-D1E0-434C-83A4-CCBDC953C5A1}"
EndProject
Project("{9A19103F-16F7-4668-BE54-9A1E7A4F7556}") = "ImageServiceCore", "ImageServiceCore\ImageServiceCore.csproj", "{1ED340D4-E4EC-4680-9067-51E2FD259D03}"
EndProject
Project("{9A19103F-16F7-4668-BE54-9A1E7A4F7556}") = "ImageServiceCoreContracts", "ImageServiceCoreContracts\ImageServiceCoreContracts.csproj", "{1060D43E-7B1A-47B0-B754-51F6B2491560}"
EndProject
Project("{9A19103F-16F7-4668-BE54-9A1E7A4F7556}") = "UploadImageService", "UploadImageService\UploadImageService.csproj", "{9178FE25-6D5C-4D09-84C0-70B0DC478207}"
EndProject
Project("{9A19103F-16F7-4668-BE54-9A1E7A4F7556}") = "RemoveDocumentService", "RemoveDocumentService\RemoveDocumentService.csproj", "{5AC71D7A-9F56-452D-81A3-B89CA7B2BAC3}"
EndProject
Project("{9A19103F-16F7-4668-BE54-9A1E7A4F7556}") = "GetDocumentsService", "GetDocumentsService\GetDocumentsService.csproj", "{BF5531A4-5AE9-4D20-9F34-E71EE036D8A5}"
EndProject
Project("{9A19103F-16F7-4668-BE54-9A1E7A4F7556}") = "OracleDAL", "..\ContactListApp\OracleDAL\OracleDAL.csproj", "{D8042D5E-A70D-4CD3-9152-0D8D39D5EB2F}"
EndProject
Project("{9A19103F-16F7-4668-BE54-9A1E7A4F7556}") = "DALContracts", "..\ContactListApp\DALContracts\DALContracts.csproj", "{E2D4FB1B-93C2-4B78-9E32-BD6C8E3FD639}"
EndProject
Project("{9A19103F-16F7-4668-BE54-9A1E7A4F7556}") = "GenerateIdService", "GenerateIdService\GenerateIdService.csproj", "{3688D680-6B42-4017-B9D8-439FC332918D}"
EndProject
Project("{9A19103F-16F7-4668-BE54-9A1E7A4F7556}") = "GenerateIdContracts", "GenerateIdContracts\GenerateIdContracts.csproj", "{16735C77-B992-460F-90B0-0F2519EEB9DD}"
EndProject
Project("{9A19103F-16F7-4668-BE54-9A1E7A4F7556}") = "ShareDAL", "ShareDAL\ShareDAL.csproj", "{6E35715D-3719-4FD4-B95D-A0666905AE06}"
EndProject
Project("{9A19103F-16F7-4668-BE54-9A1E7A4F7556}") = "CreateShareService", "CreateShareService\CreateShareService.csproj", "{1B0CC9C3-EDC4-4692-B950-6A8B23A8B80A}"
EndProject
Project("{9A19103F-16F7-4668-BE54-9A1E7A4F7556}") = "RemoveShareService", "RemoveShareService\RemoveShareService.csproj", "{6384A0B7-023D-4921-B514-01649B6816AB}"
EndProject
Project("{2150E333-8FDC-42A3-9474-1A3956D46DE8}") = "UserServices", "UserServices", "{F1619033-DFC8-4024-9CDB-C2C457684650}"
EndProject
Project("{2150E333-8FDC-42A3-9474-1A3956D46DE8}") = "DocumentServices", "DocumentServices", "{0838B975-3B60-4E21-A6CC-363BBF4EA6C5}"
EndProject
Project("{2150E333-8FDC-42A3-9474-1A3956D46DE8}") = "ShareServices", "ShareServices", "{5A3D099C-6D71-433E-A280-C0DEE1691563}"
EndProject
Project("{2150E333-8FDC-42A3-9474-1A3956D46DE8}") = "infrastructures", "infrastructures", "{2DB4E359-DA39-48A0-9F6C-F3DC3F6BE9EC}"
EndProject
Project("{2150E333-8FDC-42A3-9474-1A3956D46DE8}") = "BLL", "BLL", "{D7ADED5A-92FC-4C96-AD09-A2BCF0FF2D31}"
EndProject
Project("{2150E333-8FDC-42A3-9474-1A3956D46DE8}") = "DAL", "DAL", "{4FC5C095-0571-40A1-9781-CB0CE9C98735}"
EndProject
Project("{2150E333-8FDC-42A3-9474-1A3956D46DE8}") = "infrastructuresDAL", "infrastructuresDAL", "{D6E8E61B-A749-4D62-B7EB-949716136B4E}"
EndProject
Project("{9A19103F-16F7-4668-BE54-9A1E7A4F7556}") = "ValidateUserService", "ValidateUserService\ValidateUserService.csproj", "{B6DD4B21-9C81-41E6-A9EF-C74E05417208}"
EndProject
Project("{9A19103F-16F7-4668-BE54-9A1E7A4F7556}") = "WebSocketService", "WebSocketService\WebSocketService.csproj", "{231CD3AA-2674-4E70-A583-E93BE9FA93C5}"
EndProject
Project("{2150E333-8FDC-42A3-9474-1A3956D46DE8}") = "MarkerServices", "MarkerServices", "{41DAFEAE-1835-4366-AADA-5C8269BD94DA}"
EndProject
Project("{9A19103F-16F7-4668-BE54-9A1E7A4F7556}") = "CreateMarkerService", "CreateMarkerService\CreateMarkerService.csproj", "{BD2FD370-4751-4611-B6F3-B1B026638160}"
EndProject
Project("{9A19103F-16F7-4668-BE54-9A1E7A4F7556}") = "MarkerDAL", "MarkerDAL\MarkerDAL.csproj", "{C4BA654D-B0B8-4AE8-976F-0A457344944B}"
EndProject
Project("{9A19103F-16F7-4668-BE54-9A1E7A4F7556}") = "GetMarkersService", "GetMarkersService\GetMarkersService.csproj", "{9F0212A5-2BB7-4B81-A0BF-610513470920}"
EndProject
Project("{9A19103F-16F7-4668-BE54-9A1E7A4F7556}") = "RemoveMarkerService", "RemoveMarkerService\RemoveMarkerService.csproj", "{42A69F79-C57E-4A30-B8DB-75F761C2325C}"
EndProject
Project("{9A19103F-16F7-4668-BE54-9A1E7A4F7556}") = "UpdateMarkerColorService", "UpdateMarkerColorService\UpdateMarkerColorService.csproj", "{0625EADB-1433-4441-8604-E14CDA6A07FA}"
EndProject
Project("{9A19103F-16F7-4668-BE54-9A1E7A4F7556}") = "GetShareUserService", "GetShareUserService\GetShareUserService.csproj", "{A7F50BA4-BB8F-430F-A5D6-87631F7BB071}"
EndProject
Project("{9A19103F-16F7-4668-BE54-9A1E7A4F7556}") = "OnDocumentSharing", "OnDocumentSharing\OnDocumentSharing.csproj", "{8B02F7FB-D41C-4B27-83C0-1BF96C52A7D5}"
EndProject
Project("{9A19103F-16F7-4668-BE54-9A1E7A4F7556}") = "ObserverService", "ObserverService\ObserverService.csproj", "{EB5ADA95-B687-4EB7-8FDA-2C8D9BA9F3A8}"
EndProject
Project("{9A19103F-16F7-4668-BE54-9A1E7A4F7556}") = "ObserverContracts", "ObserverContracts\ObserverContracts.csproj", "{89AD1AE5-3BFD-4A51-83A3-C69A0EF0C101}"
EndProject
Project("{9A19103F-16F7-4668-BE54-9A1E7A4F7556}") = "FreeDrawingService", "FreeDrawingService\FreeDrawingService.csproj", "{E7FE269D-CFFA-4190-8F16-1D7D1016D500}"
EndProject
Project("{2150E333-8FDC-42A3-9474-1A3956D46DE8}") = "Tests", "Tests", "{F4CCBDBA-3148-476A-B85E-75B407AAC031}"
EndProject
Project("{FAE04EC0-301F-11D3-BF4B-00C04F79EFBC}") = "UserDALTest", "UserDALTest\UserDALTest.csproj", "{FC0FD82D-CA2D-4039-871C-96D862C5659E}"
EndProject
Global
	GlobalSection(SolutionConfigurationPlatforms) = preSolution
		Debug|Any CPU = Debug|Any CPU
		Release|Any CPU = Release|Any CPU
	EndGlobalSection
	GlobalSection(ProjectConfigurationPlatforms) = postSolution
		{0E22DE7D-569A-407E-95D9-2381DBEE6A0C}.Debug|Any CPU.ActiveCfg = Debug|Any CPU
		{0E22DE7D-569A-407E-95D9-2381DBEE6A0C}.Debug|Any CPU.Build.0 = Debug|Any CPU
		{0E22DE7D-569A-407E-95D9-2381DBEE6A0C}.Release|Any CPU.ActiveCfg = Release|Any CPU
		{0E22DE7D-569A-407E-95D9-2381DBEE6A0C}.Release|Any CPU.Build.0 = Release|Any CPU
		{787A5361-1038-4593-8C02-2235E2D954D5}.Debug|Any CPU.ActiveCfg = Debug|Any CPU
		{787A5361-1038-4593-8C02-2235E2D954D5}.Debug|Any CPU.Build.0 = Debug|Any CPU
		{787A5361-1038-4593-8C02-2235E2D954D5}.Release|Any CPU.ActiveCfg = Release|Any CPU
		{787A5361-1038-4593-8C02-2235E2D954D5}.Release|Any CPU.Build.0 = Release|Any CPU
		{66FB4536-4EB1-453D-B02A-A76C7C02FCEA}.Debug|Any CPU.ActiveCfg = Debug|Any CPU
		{66FB4536-4EB1-453D-B02A-A76C7C02FCEA}.Debug|Any CPU.Build.0 = Debug|Any CPU
		{66FB4536-4EB1-453D-B02A-A76C7C02FCEA}.Release|Any CPU.ActiveCfg = Release|Any CPU
		{66FB4536-4EB1-453D-B02A-A76C7C02FCEA}.Release|Any CPU.Build.0 = Release|Any CPU
		{B0C9ED4C-9D4C-4102-A343-59D08A7C6C36}.Debug|Any CPU.ActiveCfg = Debug|Any CPU
		{B0C9ED4C-9D4C-4102-A343-59D08A7C6C36}.Debug|Any CPU.Build.0 = Debug|Any CPU
		{B0C9ED4C-9D4C-4102-A343-59D08A7C6C36}.Release|Any CPU.ActiveCfg = Release|Any CPU
		{B0C9ED4C-9D4C-4102-A343-59D08A7C6C36}.Release|Any CPU.Build.0 = Release|Any CPU
		{03ABA9D8-18AE-4E68-8E18-5783A65B89A7}.Debug|Any CPU.ActiveCfg = Debug|Any CPU
		{03ABA9D8-18AE-4E68-8E18-5783A65B89A7}.Debug|Any CPU.Build.0 = Debug|Any CPU
		{03ABA9D8-18AE-4E68-8E18-5783A65B89A7}.Release|Any CPU.ActiveCfg = Release|Any CPU
		{03ABA9D8-18AE-4E68-8E18-5783A65B89A7}.Release|Any CPU.Build.0 = Release|Any CPU
		{82BF0E35-B843-48AC-9DCC-17ADA1353C22}.Debug|Any CPU.ActiveCfg = Debug|Any CPU
		{82BF0E35-B843-48AC-9DCC-17ADA1353C22}.Debug|Any CPU.Build.0 = Debug|Any CPU
		{82BF0E35-B843-48AC-9DCC-17ADA1353C22}.Release|Any CPU.ActiveCfg = Release|Any CPU
		{82BF0E35-B843-48AC-9DCC-17ADA1353C22}.Release|Any CPU.Build.0 = Release|Any CPU
		{52A4E9A3-95BB-4969-9C1E-C9C61543AA72}.Debug|Any CPU.ActiveCfg = Debug|Any CPU
		{52A4E9A3-95BB-4969-9C1E-C9C61543AA72}.Debug|Any CPU.Build.0 = Debug|Any CPU
		{52A4E9A3-95BB-4969-9C1E-C9C61543AA72}.Release|Any CPU.ActiveCfg = Release|Any CPU
		{52A4E9A3-95BB-4969-9C1E-C9C61543AA72}.Release|Any CPU.Build.0 = Release|Any CPU
		{3251AFDD-0E1D-476E-98E3-932B32F80AE9}.Debug|Any CPU.ActiveCfg = Debug|Any CPU
		{3251AFDD-0E1D-476E-98E3-932B32F80AE9}.Debug|Any CPU.Build.0 = Debug|Any CPU
		{3251AFDD-0E1D-476E-98E3-932B32F80AE9}.Release|Any CPU.ActiveCfg = Release|Any CPU
		{3251AFDD-0E1D-476E-98E3-932B32F80AE9}.Release|Any CPU.Build.0 = Release|Any CPU
		{8E5AD56E-C053-4057-9E5E-D2312A381D94}.Debug|Any CPU.ActiveCfg = Debug|Any CPU
		{8E5AD56E-C053-4057-9E5E-D2312A381D94}.Debug|Any CPU.Build.0 = Debug|Any CPU
		{8E5AD56E-C053-4057-9E5E-D2312A381D94}.Release|Any CPU.ActiveCfg = Release|Any CPU
		{8E5AD56E-C053-4057-9E5E-D2312A381D94}.Release|Any CPU.Build.0 = Release|Any CPU
		{864BAB97-D1E0-434C-83A4-CCBDC953C5A1}.Debug|Any CPU.ActiveCfg = Debug|Any CPU
		{864BAB97-D1E0-434C-83A4-CCBDC953C5A1}.Debug|Any CPU.Build.0 = Debug|Any CPU
		{864BAB97-D1E0-434C-83A4-CCBDC953C5A1}.Release|Any CPU.ActiveCfg = Release|Any CPU
		{864BAB97-D1E0-434C-83A4-CCBDC953C5A1}.Release|Any CPU.Build.0 = Release|Any CPU
		{1ED340D4-E4EC-4680-9067-51E2FD259D03}.Debug|Any CPU.ActiveCfg = Debug|Any CPU
		{1ED340D4-E4EC-4680-9067-51E2FD259D03}.Debug|Any CPU.Build.0 = Debug|Any CPU
		{1ED340D4-E4EC-4680-9067-51E2FD259D03}.Release|Any CPU.ActiveCfg = Release|Any CPU
		{1ED340D4-E4EC-4680-9067-51E2FD259D03}.Release|Any CPU.Build.0 = Release|Any CPU
		{1060D43E-7B1A-47B0-B754-51F6B2491560}.Debug|Any CPU.ActiveCfg = Debug|Any CPU
		{1060D43E-7B1A-47B0-B754-51F6B2491560}.Debug|Any CPU.Build.0 = Debug|Any CPU
		{1060D43E-7B1A-47B0-B754-51F6B2491560}.Release|Any CPU.ActiveCfg = Release|Any CPU
		{1060D43E-7B1A-47B0-B754-51F6B2491560}.Release|Any CPU.Build.0 = Release|Any CPU
		{9178FE25-6D5C-4D09-84C0-70B0DC478207}.Debug|Any CPU.ActiveCfg = Debug|Any CPU
		{9178FE25-6D5C-4D09-84C0-70B0DC478207}.Debug|Any CPU.Build.0 = Debug|Any CPU
		{9178FE25-6D5C-4D09-84C0-70B0DC478207}.Release|Any CPU.ActiveCfg = Release|Any CPU
		{9178FE25-6D5C-4D09-84C0-70B0DC478207}.Release|Any CPU.Build.0 = Release|Any CPU
		{5AC71D7A-9F56-452D-81A3-B89CA7B2BAC3}.Debug|Any CPU.ActiveCfg = Debug|Any CPU
		{5AC71D7A-9F56-452D-81A3-B89CA7B2BAC3}.Debug|Any CPU.Build.0 = Debug|Any CPU
		{5AC71D7A-9F56-452D-81A3-B89CA7B2BAC3}.Release|Any CPU.ActiveCfg = Release|Any CPU
		{5AC71D7A-9F56-452D-81A3-B89CA7B2BAC3}.Release|Any CPU.Build.0 = Release|Any CPU
		{BF5531A4-5AE9-4D20-9F34-E71EE036D8A5}.Debug|Any CPU.ActiveCfg = Debug|Any CPU
		{BF5531A4-5AE9-4D20-9F34-E71EE036D8A5}.Debug|Any CPU.Build.0 = Debug|Any CPU
		{BF5531A4-5AE9-4D20-9F34-E71EE036D8A5}.Release|Any CPU.ActiveCfg = Release|Any CPU
		{BF5531A4-5AE9-4D20-9F34-E71EE036D8A5}.Release|Any CPU.Build.0 = Release|Any CPU
		{D8042D5E-A70D-4CD3-9152-0D8D39D5EB2F}.Debug|Any CPU.ActiveCfg = Debug|Any CPU
		{D8042D5E-A70D-4CD3-9152-0D8D39D5EB2F}.Debug|Any CPU.Build.0 = Debug|Any CPU
		{D8042D5E-A70D-4CD3-9152-0D8D39D5EB2F}.Release|Any CPU.ActiveCfg = Release|Any CPU
		{D8042D5E-A70D-4CD3-9152-0D8D39D5EB2F}.Release|Any CPU.Build.0 = Release|Any CPU
		{E2D4FB1B-93C2-4B78-9E32-BD6C8E3FD639}.Debug|Any CPU.ActiveCfg = Debug|Any CPU
		{E2D4FB1B-93C2-4B78-9E32-BD6C8E3FD639}.Debug|Any CPU.Build.0 = Debug|Any CPU
		{E2D4FB1B-93C2-4B78-9E32-BD6C8E3FD639}.Release|Any CPU.ActiveCfg = Release|Any CPU
		{E2D4FB1B-93C2-4B78-9E32-BD6C8E3FD639}.Release|Any CPU.Build.0 = Release|Any CPU
		{3688D680-6B42-4017-B9D8-439FC332918D}.Debug|Any CPU.ActiveCfg = Debug|Any CPU
		{3688D680-6B42-4017-B9D8-439FC332918D}.Debug|Any CPU.Build.0 = Debug|Any CPU
		{3688D680-6B42-4017-B9D8-439FC332918D}.Release|Any CPU.ActiveCfg = Release|Any CPU
		{3688D680-6B42-4017-B9D8-439FC332918D}.Release|Any CPU.Build.0 = Release|Any CPU
		{16735C77-B992-460F-90B0-0F2519EEB9DD}.Debug|Any CPU.ActiveCfg = Debug|Any CPU
		{16735C77-B992-460F-90B0-0F2519EEB9DD}.Debug|Any CPU.Build.0 = Debug|Any CPU
		{16735C77-B992-460F-90B0-0F2519EEB9DD}.Release|Any CPU.ActiveCfg = Release|Any CPU
		{16735C77-B992-460F-90B0-0F2519EEB9DD}.Release|Any CPU.Build.0 = Release|Any CPU
		{6E35715D-3719-4FD4-B95D-A0666905AE06}.Debug|Any CPU.ActiveCfg = Debug|Any CPU
		{6E35715D-3719-4FD4-B95D-A0666905AE06}.Debug|Any CPU.Build.0 = Debug|Any CPU
		{6E35715D-3719-4FD4-B95D-A0666905AE06}.Release|Any CPU.ActiveCfg = Release|Any CPU
		{6E35715D-3719-4FD4-B95D-A0666905AE06}.Release|Any CPU.Build.0 = Release|Any CPU
		{1B0CC9C3-EDC4-4692-B950-6A8B23A8B80A}.Debug|Any CPU.ActiveCfg = Debug|Any CPU
		{1B0CC9C3-EDC4-4692-B950-6A8B23A8B80A}.Debug|Any CPU.Build.0 = Debug|Any CPU
		{1B0CC9C3-EDC4-4692-B950-6A8B23A8B80A}.Release|Any CPU.ActiveCfg = Release|Any CPU
		{1B0CC9C3-EDC4-4692-B950-6A8B23A8B80A}.Release|Any CPU.Build.0 = Release|Any CPU
		{6384A0B7-023D-4921-B514-01649B6816AB}.Debug|Any CPU.ActiveCfg = Debug|Any CPU
		{6384A0B7-023D-4921-B514-01649B6816AB}.Debug|Any CPU.Build.0 = Debug|Any CPU
		{6384A0B7-023D-4921-B514-01649B6816AB}.Release|Any CPU.ActiveCfg = Release|Any CPU
		{6384A0B7-023D-4921-B514-01649B6816AB}.Release|Any CPU.Build.0 = Release|Any CPU
		{B6DD4B21-9C81-41E6-A9EF-C74E05417208}.Debug|Any CPU.ActiveCfg = Debug|Any CPU
		{B6DD4B21-9C81-41E6-A9EF-C74E05417208}.Debug|Any CPU.Build.0 = Debug|Any CPU
		{B6DD4B21-9C81-41E6-A9EF-C74E05417208}.Release|Any CPU.ActiveCfg = Release|Any CPU
		{B6DD4B21-9C81-41E6-A9EF-C74E05417208}.Release|Any CPU.Build.0 = Release|Any CPU
		{231CD3AA-2674-4E70-A583-E93BE9FA93C5}.Debug|Any CPU.ActiveCfg = Debug|Any CPU
		{231CD3AA-2674-4E70-A583-E93BE9FA93C5}.Debug|Any CPU.Build.0 = Debug|Any CPU
		{231CD3AA-2674-4E70-A583-E93BE9FA93C5}.Release|Any CPU.ActiveCfg = Release|Any CPU
		{231CD3AA-2674-4E70-A583-E93BE9FA93C5}.Release|Any CPU.Build.0 = Release|Any CPU
		{BD2FD370-4751-4611-B6F3-B1B026638160}.Debug|Any CPU.ActiveCfg = Debug|Any CPU
		{BD2FD370-4751-4611-B6F3-B1B026638160}.Debug|Any CPU.Build.0 = Debug|Any CPU
		{BD2FD370-4751-4611-B6F3-B1B026638160}.Release|Any CPU.ActiveCfg = Release|Any CPU
		{BD2FD370-4751-4611-B6F3-B1B026638160}.Release|Any CPU.Build.0 = Release|Any CPU
		{C4BA654D-B0B8-4AE8-976F-0A457344944B}.Debug|Any CPU.ActiveCfg = Debug|Any CPU
		{C4BA654D-B0B8-4AE8-976F-0A457344944B}.Debug|Any CPU.Build.0 = Debug|Any CPU
		{C4BA654D-B0B8-4AE8-976F-0A457344944B}.Release|Any CPU.ActiveCfg = Release|Any CPU
		{C4BA654D-B0B8-4AE8-976F-0A457344944B}.Release|Any CPU.Build.0 = Release|Any CPU
		{9F0212A5-2BB7-4B81-A0BF-610513470920}.Debug|Any CPU.ActiveCfg = Debug|Any CPU
		{9F0212A5-2BB7-4B81-A0BF-610513470920}.Debug|Any CPU.Build.0 = Debug|Any CPU
		{9F0212A5-2BB7-4B81-A0BF-610513470920}.Release|Any CPU.ActiveCfg = Release|Any CPU
		{9F0212A5-2BB7-4B81-A0BF-610513470920}.Release|Any CPU.Build.0 = Release|Any CPU
		{42A69F79-C57E-4A30-B8DB-75F761C2325C}.Debug|Any CPU.ActiveCfg = Debug|Any CPU
		{42A69F79-C57E-4A30-B8DB-75F761C2325C}.Debug|Any CPU.Build.0 = Debug|Any CPU
		{42A69F79-C57E-4A30-B8DB-75F761C2325C}.Release|Any CPU.ActiveCfg = Release|Any CPU
		{42A69F79-C57E-4A30-B8DB-75F761C2325C}.Release|Any CPU.Build.0 = Release|Any CPU
		{0625EADB-1433-4441-8604-E14CDA6A07FA}.Debug|Any CPU.ActiveCfg = Debug|Any CPU
		{0625EADB-1433-4441-8604-E14CDA6A07FA}.Debug|Any CPU.Build.0 = Debug|Any CPU
		{0625EADB-1433-4441-8604-E14CDA6A07FA}.Release|Any CPU.ActiveCfg = Release|Any CPU
		{0625EADB-1433-4441-8604-E14CDA6A07FA}.Release|Any CPU.Build.0 = Release|Any CPU
		{A7F50BA4-BB8F-430F-A5D6-87631F7BB071}.Debug|Any CPU.ActiveCfg = Debug|Any CPU
		{A7F50BA4-BB8F-430F-A5D6-87631F7BB071}.Debug|Any CPU.Build.0 = Debug|Any CPU
		{A7F50BA4-BB8F-430F-A5D6-87631F7BB071}.Release|Any CPU.ActiveCfg = Release|Any CPU
		{A7F50BA4-BB8F-430F-A5D6-87631F7BB071}.Release|Any CPU.Build.0 = Release|Any CPU
		{8B02F7FB-D41C-4B27-83C0-1BF96C52A7D5}.Debug|Any CPU.ActiveCfg = Debug|Any CPU
		{8B02F7FB-D41C-4B27-83C0-1BF96C52A7D5}.Debug|Any CPU.Build.0 = Debug|Any CPU
		{8B02F7FB-D41C-4B27-83C0-1BF96C52A7D5}.Release|Any CPU.ActiveCfg = Release|Any CPU
		{8B02F7FB-D41C-4B27-83C0-1BF96C52A7D5}.Release|Any CPU.Build.0 = Release|Any CPU
		{EB5ADA95-B687-4EB7-8FDA-2C8D9BA9F3A8}.Debug|Any CPU.ActiveCfg = Debug|Any CPU
		{EB5ADA95-B687-4EB7-8FDA-2C8D9BA9F3A8}.Debug|Any CPU.Build.0 = Debug|Any CPU
		{EB5ADA95-B687-4EB7-8FDA-2C8D9BA9F3A8}.Release|Any CPU.ActiveCfg = Release|Any CPU
		{EB5ADA95-B687-4EB7-8FDA-2C8D9BA9F3A8}.Release|Any CPU.Build.0 = Release|Any CPU
		{89AD1AE5-3BFD-4A51-83A3-C69A0EF0C101}.Debug|Any CPU.ActiveCfg = Debug|Any CPU
		{89AD1AE5-3BFD-4A51-83A3-C69A0EF0C101}.Debug|Any CPU.Build.0 = Debug|Any CPU
		{89AD1AE5-3BFD-4A51-83A3-C69A0EF0C101}.Release|Any CPU.ActiveCfg = Release|Any CPU
		{89AD1AE5-3BFD-4A51-83A3-C69A0EF0C101}.Release|Any CPU.Build.0 = Release|Any CPU
		{E7FE269D-CFFA-4190-8F16-1D7D1016D500}.Debug|Any CPU.ActiveCfg = Debug|Any CPU
		{E7FE269D-CFFA-4190-8F16-1D7D1016D500}.Debug|Any CPU.Build.0 = Debug|Any CPU
		{E7FE269D-CFFA-4190-8F16-1D7D1016D500}.Release|Any CPU.ActiveCfg = Release|Any CPU
		{E7FE269D-CFFA-4190-8F16-1D7D1016D500}.Release|Any CPU.Build.0 = Release|Any CPU
		{FC0FD82D-CA2D-4039-871C-96D862C5659E}.Debug|Any CPU.ActiveCfg = Debug|Any CPU
		{FC0FD82D-CA2D-4039-871C-96D862C5659E}.Debug|Any CPU.Build.0 = Debug|Any CPU
		{FC0FD82D-CA2D-4039-871C-96D862C5659E}.Release|Any CPU.ActiveCfg = Release|Any CPU
		{FC0FD82D-CA2D-4039-871C-96D862C5659E}.Release|Any CPU.Build.0 = Release|Any CPU
	EndGlobalSection
	GlobalSection(SolutionProperties) = preSolution
		HideSolutionNode = FALSE
	EndGlobalSection
	GlobalSection(NestedProjects) = preSolution
		{66FB4536-4EB1-453D-B02A-A76C7C02FCEA} = {4FC5C095-0571-40A1-9781-CB0CE9C98735}
		{B0C9ED4C-9D4C-4102-A343-59D08A7C6C36} = {F1619033-DFC8-4024-9CDB-C2C457684650}
		{03ABA9D8-18AE-4E68-8E18-5783A65B89A7} = {F1619033-DFC8-4024-9CDB-C2C457684650}
		{82BF0E35-B843-48AC-9DCC-17ADA1353C22} = {F4CCBDBA-3148-476A-B85E-75B407AAC031}
		{52A4E9A3-95BB-4969-9C1E-C9C61543AA72} = {4FC5C095-0571-40A1-9781-CB0CE9C98735}
		{3251AFDD-0E1D-476E-98E3-932B32F80AE9} = {F1619033-DFC8-4024-9CDB-C2C457684650}
		{8E5AD56E-C053-4057-9E5E-D2312A381D94} = {0838B975-3B60-4E21-A6CC-363BBF4EA6C5}
		{864BAB97-D1E0-434C-83A4-CCBDC953C5A1} = {0838B975-3B60-4E21-A6CC-363BBF4EA6C5}
		{1ED340D4-E4EC-4680-9067-51E2FD259D03} = {2DB4E359-DA39-48A0-9F6C-F3DC3F6BE9EC}
		{1060D43E-7B1A-47B0-B754-51F6B2491560} = {2DB4E359-DA39-48A0-9F6C-F3DC3F6BE9EC}
		{9178FE25-6D5C-4D09-84C0-70B0DC478207} = {0838B975-3B60-4E21-A6CC-363BBF4EA6C5}
		{5AC71D7A-9F56-452D-81A3-B89CA7B2BAC3} = {0838B975-3B60-4E21-A6CC-363BBF4EA6C5}
		{BF5531A4-5AE9-4D20-9F34-E71EE036D8A5} = {0838B975-3B60-4E21-A6CC-363BBF4EA6C5}
		{D8042D5E-A70D-4CD3-9152-0D8D39D5EB2F} = {D6E8E61B-A749-4D62-B7EB-949716136B4E}
		{E2D4FB1B-93C2-4B78-9E32-BD6C8E3FD639} = {D6E8E61B-A749-4D62-B7EB-949716136B4E}
		{3688D680-6B42-4017-B9D8-439FC332918D} = {2DB4E359-DA39-48A0-9F6C-F3DC3F6BE9EC}
		{16735C77-B992-460F-90B0-0F2519EEB9DD} = {2DB4E359-DA39-48A0-9F6C-F3DC3F6BE9EC}
		{6E35715D-3719-4FD4-B95D-A0666905AE06} = {4FC5C095-0571-40A1-9781-CB0CE9C98735}
		{1B0CC9C3-EDC4-4692-B950-6A8B23A8B80A} = {5A3D099C-6D71-433E-A280-C0DEE1691563}
		{6384A0B7-023D-4921-B514-01649B6816AB} = {5A3D099C-6D71-433E-A280-C0DEE1691563}
		{F1619033-DFC8-4024-9CDB-C2C457684650} = {D7ADED5A-92FC-4C96-AD09-A2BCF0FF2D31}
		{0838B975-3B60-4E21-A6CC-363BBF4EA6C5} = {D7ADED5A-92FC-4C96-AD09-A2BCF0FF2D31}
		{5A3D099C-6D71-433E-A280-C0DEE1691563} = {D7ADED5A-92FC-4C96-AD09-A2BCF0FF2D31}
		{2DB4E359-DA39-48A0-9F6C-F3DC3F6BE9EC} = {D7ADED5A-92FC-4C96-AD09-A2BCF0FF2D31}
		{D6E8E61B-A749-4D62-B7EB-949716136B4E} = {4FC5C095-0571-40A1-9781-CB0CE9C98735}
		{B6DD4B21-9C81-41E6-A9EF-C74E05417208} = {F1619033-DFC8-4024-9CDB-C2C457684650}
		{231CD3AA-2674-4E70-A583-E93BE9FA93C5} = {D7ADED5A-92FC-4C96-AD09-A2BCF0FF2D31}
		{41DAFEAE-1835-4366-AADA-5C8269BD94DA} = {D7ADED5A-92FC-4C96-AD09-A2BCF0FF2D31}
		{BD2FD370-4751-4611-B6F3-B1B026638160} = {41DAFEAE-1835-4366-AADA-5C8269BD94DA}
		{C4BA654D-B0B8-4AE8-976F-0A457344944B} = {4FC5C095-0571-40A1-9781-CB0CE9C98735}
		{9F0212A5-2BB7-4B81-A0BF-610513470920} = {41DAFEAE-1835-4366-AADA-5C8269BD94DA}
		{42A69F79-C57E-4A30-B8DB-75F761C2325C} = {41DAFEAE-1835-4366-AADA-5C8269BD94DA}
		{0625EADB-1433-4441-8604-E14CDA6A07FA} = {41DAFEAE-1835-4366-AADA-5C8269BD94DA}
		{A7F50BA4-BB8F-430F-A5D6-87631F7BB071} = {5A3D099C-6D71-433E-A280-C0DEE1691563}
		{8B02F7FB-D41C-4B27-83C0-1BF96C52A7D5} = {5A3D099C-6D71-433E-A280-C0DEE1691563}
		{EB5ADA95-B687-4EB7-8FDA-2C8D9BA9F3A8} = {2DB4E359-DA39-48A0-9F6C-F3DC3F6BE9EC}
		{89AD1AE5-3BFD-4A51-83A3-C69A0EF0C101} = {2DB4E359-DA39-48A0-9F6C-F3DC3F6BE9EC}
		{E7FE269D-CFFA-4190-8F16-1D7D1016D500} = {41DAFEAE-1835-4366-AADA-5C8269BD94DA}
		{FC0FD82D-CA2D-4039-871C-96D862C5659E} = {F4CCBDBA-3148-476A-B85E-75B407AAC031}
	EndGlobalSection
	GlobalSection(ExtensibilityGlobals) = postSolution
		SolutionGuid = {16969086-89FF-43DB-B207-5F0C44BF6D16}
	EndGlobalSection
EndGlobal
